
Microsoft Visual Studio Solution File, Format Version 12.00
# Visual Studio Version 17
VisualStudioVersion = 17.14.36616.10
MinimumVisualStudioVersion = 10.0.40219.1
Project("{8BC9CEB8-8B4A-11D0-8D11-00A0C91BC942}") = "test0", "test0\test0.vcxproj", "{BF86AD58-200A-42C4-968E-DA6AAC44FB68}"
	ProjectSection(ProjectDependencies) = postProject
		{F64896AF-47C5-44ED-AD86-81F592243DEA} = {F64896AF-47C5-44ED-AD86-81F592243DEA}
	EndProjectSection
EndProject
Project("{8BC9CEB8-8B4A-11D0-8D11-00A0C91BC942}") = "test1", "test1\test1.vcxproj", "{B467C35D-FFAB-4705-B782-C22056E2B141}"
	ProjectSection(ProjectDependencies) = postProject
		{BF86AD58-200A-42C4-968E-DA6AAC44FB68} = {BF86AD58-200A-42C4-968E-DA6AAC44FB68}
	EndProjectSection
EndProject
Project("{8BC9CEB8-8B4A-11D0-8D11-00A0C91BC942}") = "test2", "test2\test2.vcxproj", "{F64896AF-47C5-44ED-AD86-81F592243DEA}"
EndProject
Global
	GlobalSection(SolutionConfigurationPlatforms) = preSolution
		Debug|x64 = Debug|x64
		Debug|x86 = Debug|x86
		Release|x64 = Release|x64
		Release|x86 = Release|x86
	EndGlobalSection
	GlobalSection(ProjectConfigurationPlatforms) = postSolution
		{BF86AD58-200A-42C4-968E-DA6AAC44FB68}.Debug|x64.ActiveCfg = Debug|x64
		{BF86AD58-200A-42C4-968E-DA6AAC44FB68}.Debug|x64.Build.0 = Debug|x64
		{BF86AD58-200A-42C4-968E-DA6AAC44FB68}.Debug|x86.ActiveCfg = Debug|Win32
		{BF86AD58-200A-42C4-968E-DA6AAC44FB68}.Debug|x86.Build.0 = Debug|Win32
		{BF86AD58-200A-42C4-968E-DA6AAC44FB68}.Release|x64.ActiveCfg = Release|x64
		{BF86AD58-200A-42C4-968E-DA6AAC44FB68}.Release|x64.Build.0 = Release|x64
		{BF86AD58-200A-42C4-968E-DA6AAC44FB68}.Release|x86.ActiveCfg = Release|Win32
		{BF86AD58-200A-42C4-968E-DA6AAC44FB68}.Release|x86.Build.0 = Release|Win32
		{B467C35D-FFAB-4705-B782-C22056E2B141}.Debug|x64.ActiveCfg = Debug|x64
		{B467C35D-FFAB-4705-B782-C22056E2B141}.Debug|x64.Build.0 = Debug|x64
		{B467C35D-FFAB-4705-B782-C22056E2B141}.Debug|x86.ActiveCfg = Debug|Win32
		{B467C35D-FFAB-4705-B782-C22056E2B141}.Debug|x86.Build.0 = Debug|Win32
		{B467C35D-FFAB-4705-B782-C22056E2B141}.Release|x64.ActiveCfg = Release|x64
		{B467C35D-FFAB-4705-B782-C22056E2B141}.Release|x64.Build.0 = Release|x64
		{B467C35D-FFAB-4705-B782-C22056E2B141}.Release|x86.ActiveCfg = Release|Win32
		{B467C35D-FFAB-4705-B782-C22056E2B141}.Release|x86.Build.0 = Release|Win32
		{F64896AF-47C5-44ED-AD86-81F592243DEA}.Debug|x64.ActiveCfg = Debug|x64
		{F64896AF-47C5-44ED-AD86-81F592243DEA}.Debug|x64.Build.0 = Debug|x64
		{F64896AF-47C5-44ED-AD86-81F592243DEA}.Debug|x86.ActiveCfg = Debug|Win32
		{F64896AF-47C5-44ED-AD86-81F592243DEA}.Debug|x86.Build.0 = Debug|Win32
		{F64896AF-47C5-44ED-AD86-81F592243DEA}.Release|x64.ActiveCfg = Release|x64
		{F64896AF-47C5-44ED-AD86-81F592243DEA}.Release|x64.Build.0 = Release|x64
		{F64896AF-47C5-44ED-AD86-81F592243DEA}.Release|x86.ActiveCfg = Release|Win32
		{F64896AF-47C5-44ED-AD86-81F592243DEA}.Release|x86.Build.0 = Release|Win32
	EndGlobalSection
	GlobalSection(SolutionProperties) = preSolution
		HideSolutionNode = FALSE
	EndGlobalSection
	GlobalSection(ExtensibilityGlobals) = postSolution
		SolutionGuid = {451114CC-62A3-4C2F-9BC1-4992131CA957}
	EndGlobalSection
EndGlobal
